dependencies:
- name: neuraltrust-aispm
  repository: file://./charts/neuraltrust-aispm
  version: 1.0.6
- name: neuraltrust-siem-connectors
  repository: file://./charts/neuraltrust-siem-connectors
  version: 1.0.5
- name: clickhouse
  repository: file://./charts/clickhouse
  version: 1.0.2
- name: kafka
  repository: file://./charts/kafka
  version: 1.0.1
- name: neuraltrust-data-plane
  repository: file://./charts/neuraltrust-data-plane
  version: 1.2.45
- name: neuraltrust-control-plane
  repository: file://./charts/neuraltrust-control-plane
  version: 1.2.40
- name: trustgate
  repository: file://./charts/trustgate
  version: 1.2.31
- name: neuraltrust-firewall
  repository: file://./charts/neuraltrust-firewall
  version: 2.0.14
- name: neuraltrust-watchdog
  repository: file://./charts/neuraltrust-watchdog
  version: 0.2.4
digest: sha256:77c86a61d28a88fcc2f97ed0a4fb52e9298e6f3a2c8ed2eb5a097a4b44142a29
generated: "2026-07-02T09:53:49.057990112Z"
