dependencies:
- name: clickhouse
  repository: file://./charts/clickhouse
  version: 8.0.10
- name: kafka
  repository: file://./charts/kafka
  version: 31.0.0
- name: neuraltrust-data-plane
  repository: file://./charts/neuraltrust-data-plane
  version: 1.2.3
- name: neuraltrust-control-plane
  repository: file://./charts/neuraltrust-control-plane
  version: 1.2.4
- name: trustgate
  repository: file://./charts/trustgate
  version: 1.2.2
digest: sha256:90d9af771d6778f09af5cb7883d88e26c1f08a074139048d9c839f7fd22fc6f3
generated: "2026-02-16T16:55:58.595352506Z"
