dependencies:
- name: clickhouse
  repository: file://./charts/clickhouse
  version: 8.0.10
- name: kafka
  repository: file://./charts/kafka
  version: 31.0.0
- name: neuraltrust-data-plane
  repository: file://./charts/neuraltrust-data-plane
  version: 1.1.3
- name: neuraltrust-control-plane
  repository: file://./charts/neuraltrust-control-plane
  version: 1.1.3
- name: trustgate
  repository: file://./charts/trustgate
  version: 1.1.3
digest: sha256:6e347b9750ef116c45382f3c01b5c34ca5ab31973555078a946429f800dffaea
generated: "2026-01-14T17:02:53.260164+01:00"
